
Microsoft Visual Studio Solution File, Format Version 12.00
# Visual Studio 15
VisualStudioVersion = 15.0.26228.16
MinimumVisualStudioVersion = 10.0.40219.1
Project("{FAE04EC0-301F-11D3-BF4B-00C04F79EFBC}") = "CV", "CV\CV.csproj", "{E3382FA2-1DBF-4B51-9C2E-1ACA0774F5EF}"
EndProject
Project("{2150E333-8FDC-42A3-9474-1A3956D46DE8}") = "Web", "Web", "{708D4245-FB30-4B57-A2FA-5D7EB2502095}"
EndProject
Project("{2150E333-8FDC-42A3-9474-1A3956D46DE8}") = "Core", "Core", "{6889DAF6-48B9-4D57-9CC1-6BFF1B7B0C43}"
EndProject
Project("{2150E333-8FDC-42A3-9474-1A3956D46DE8}") = "Interfaces", "Interfaces", "{51E2D185-69AE-48AD-B39D-AA5059BA0FF6}"
EndProject
Project("{2150E333-8FDC-42A3-9474-1A3956D46DE8}") = "Tester", "Tester", "{ED3DA7FE-D34C-4A80-A17C-CD4071DC76EB}"
EndProject
Project("{2150E333-8FDC-42A3-9474-1A3956D46DE8}") = "Sql", "Sql", "{97880004-4064-4ECF-A2AE-C98550454269}"
EndProject
Global
	GlobalSection(SolutionConfigurationPlatforms) = preSolution
		Debug|Any CPU = Debug|Any CPU
		Release|Any CPU = Release|Any CPU
	EndGlobalSection
	GlobalSection(ProjectConfigurationPlatforms) = postSolution
		{E3382FA2-1DBF-4B51-9C2E-1ACA0774F5EF}.Debug|Any CPU.ActiveCfg = Debug|Any CPU
		{E3382FA2-1DBF-4B51-9C2E-1ACA0774F5EF}.Debug|Any CPU.Build.0 = Debug|Any CPU
		{E3382FA2-1DBF-4B51-9C2E-1ACA0774F5EF}.Release|Any CPU.ActiveCfg = Release|Any CPU
		{E3382FA2-1DBF-4B51-9C2E-1ACA0774F5EF}.Release|Any CPU.Build.0 = Release|Any CPU
	EndGlobalSection
	GlobalSection(SolutionProperties) = preSolution
		HideSolutionNode = FALSE
	EndGlobalSection
	GlobalSection(NestedProjects) = preSolution
		{E3382FA2-1DBF-4B51-9C2E-1ACA0774F5EF} = {708D4245-FB30-4B57-A2FA-5D7EB2502095}
	EndGlobalSection
EndGlobal
